<?xml version="1.0" encoding="utf-8"?>
<Project ToolsVersion="4.0" xmlns="http://schemas.microsoft.com/developer/msbuild/2003">
  <ItemGroup>
    <Filter Include="Source Files">
      <UniqueIdentifier>{28dfb93a-3c6a-44bb-a9f9-8eb9d11dfa2d}</UniqueIdentifier>
      <Extensions>cpp;c;cxx;rc;def;r;odl;idl;hpj;bat</Extensions>
    </Filter>
    <Filter Include="Header Files">
      <UniqueIdentifier>{6e93b41d-a2fb-4322-829e-5f2757c246e0}</UniqueIdentifier>
      <Extensions>h;hpp;hxx;hm;inl</Extensions>
    </Filter>
    <Filter Include="Resource Files">
      <UniqueIdentifier>{58d19b16-0f1f-441e-ac70-e766c7d530fc}</UniqueIdentifier>
      <Extensions>ico;cur;bmp;dlg;rc2;rct;bin;rgs;gif;jpg;jpeg;jpe</Extensions>
    </Filter>
  </ItemGroup>
  <ItemGroup>
    <ClCompile Include="depanio.cpp">
      <Filter>Source Files</Filter>
    </ClCompile>
    <ClCompile Include="info.cpp">
      <Filter>Source Files</Filter>
    </ClCompile>
    <ClCompile Include="depan_compensate.cpp">
      <Filter>Source Files</Filter>
    </ClCompile>
    <ClCompile Include="depan_interface.cpp">
      <Filter>Source Files</Filter>
    </ClCompile>
    <ClCompile Include="depan_interpolate.cpp">
      <Filter>Source Files</Filter>
    </ClCompile>
    <ClCompile Include="depan_scenes.cpp">
      <Filter>Source Files</Filter>
    </ClCompile>
    <ClCompile Include="depan_stabilize.cpp">
      <Filter>Source Files</Filter>
    </ClCompile>
    <ClCompile Include="depan_transform.cpp">
      <Filter>Source Files</Filter>
    </ClCompile>
    <ClCompile Include="yuy2planes.cpp">
      <Filter>Source Files</Filter>
    </ClCompile>
  </ItemGroup>
  <ItemGroup>
    <ClInclude Include="depan.h">
      <Filter>Header Files</Filter>
    </ClInclude>
    <ClInclude Include="depanio.h">
      <Filter>Header Files</Filter>
    </ClInclude>
    <ClInclude Include="include\avisynth.h">
      <Filter>Header Files</Filter>
    </ClInclude>
    <ClInclude Include="info.h">
      <Filter>Header Files</Filter>
    </ClInclude>
    <ClInclude Include="include\avs\alignment.h">
      <Filter>Header Files</Filter>
    </ClInclude>
    <ClInclude Include="include\avs\capi.h">
      <Filter>Header Files</Filter>
    </ClInclude>
    <ClInclude Include="include\avs\config.h">
      <Filter>Header Files</Filter>
    </ClInclude>
    <ClInclude Include="include\avs\cpuid.h">
      <Filter>Header Files</Filter>
    </ClInclude>
    <ClInclude Include="include\avs\minmax.h">
      <Filter>Header Files</Filter>
    </ClInclude>
    <ClInclude Include="include\avs\types.h">
      <Filter>Header Files</Filter>
    </ClInclude>
    <ClInclude Include="include\avs\win.h">
      <Filter>Header Files</Filter>
    </ClInclude>
    <ClInclude Include="yuy2planes.h">
      <Filter>Header Files</Filter>
    </ClInclude>
  </ItemGroup>
  <ItemGroup>
    <ResourceCompile Include="depan.rc">
      <Filter>Resource Files</Filter>
    </ResourceCompile>
  </ItemGroup>
</Project>